
Microsoft Visual Studio Solution File, Format Version 12.00
# Visual Studio 15
VisualStudioVersion = 15.0.27428.2015
MinimumVisualStudioVersion = 10.0.40219.1
Project("{9A19103F-16F7-4668-BE54-9A1E7A4F7556}") = "DapperMan", "DapperMan\DapperMan.csproj", "{7342156E-4B92-47E3-BB61-161312231AFF}"
EndProject
Project("{FAE04EC0-301F-11D3-BF4B-00C04F79EFBC}") = "DapperMan.Tests", "Tests\DapperMan.Tests.csproj", "{2A924B8A-51F9-4290-A257-379A9EBAAD93}"
EndProject
Project("{FAE04EC0-301F-11D3-BF4B-00C04F79EFBC}") = "DapperMan.MsSql", "DapperMan.MsSql\DapperMan.MsSql.csproj", "{7C410AA2-F7FC-4F58-BC39-42D8A9DC8FAF}"
EndProject
Project("{2150E333-8FDC-42A3-9474-1A3956D46DE8}") = "Samples", "Samples", "{6872650F-95C3-4AFE-9350-C17279DE2D95}"
EndProject
Project("{FAE04EC0-301F-11D3-BF4B-00C04F79EFBC}") = "DapperManDemo", "DapperManDemo\DapperManDemo.csproj", "{BB4BA7E0-342D-4076-9B45-302FE7C0EC87}"
EndProject
Project("{FAE04EC0-301F-11D3-BF4B-00C04F79EFBC}") = "DapperMan.SQLite", "DapperMan.SQLite\DapperMan.SQLite.csproj", "{4F25C4FD-F739-4AAC-847E-C47FDD89A0B6}"
EndProject
Global
	GlobalSection(SolutionConfigurationPlatforms) = preSolution
		Debug|Any CPU = Debug|Any CPU
		Release|Any CPU = Release|Any CPU
	EndGlobalSection
	GlobalSection(ProjectConfigurationPlatforms) = postSolution
		{7342156E-4B92-47E3-BB61-161312231AFF}.Debug|Any CPU.ActiveCfg = Debug|Any CPU
		{7342156E-4B92-47E3-BB61-161312231AFF}.Debug|Any CPU.Build.0 = Debug|Any CPU
		{7342156E-4B92-47E3-BB61-161312231AFF}.Release|Any CPU.ActiveCfg = Release|Any CPU
		{7342156E-4B92-47E3-BB61-161312231AFF}.Release|Any CPU.Build.0 = Release|Any CPU
		{2A924B8A-51F9-4290-A257-379A9EBAAD93}.Debug|Any CPU.ActiveCfg = Debug|Any CPU
		{2A924B8A-51F9-4290-A257-379A9EBAAD93}.Debug|Any CPU.Build.0 = Debug|Any CPU
		{2A924B8A-51F9-4290-A257-379A9EBAAD93}.Release|Any CPU.ActiveCfg = Release|Any CPU
		{2A924B8A-51F9-4290-A257-379A9EBAAD93}.Release|Any CPU.Build.0 = Release|Any CPU
		{7C410AA2-F7FC-4F58-BC39-42D8A9DC8FAF}.Debug|Any CPU.ActiveCfg = Debug|Any CPU
		{7C410AA2-F7FC-4F58-BC39-42D8A9DC8FAF}.Debug|Any CPU.Build.0 = Debug|Any CPU
		{7C410AA2-F7FC-4F58-BC39-42D8A9DC8FAF}.Release|Any CPU.ActiveCfg = Release|Any CPU
		{7C410AA2-F7FC-4F58-BC39-42D8A9DC8FAF}.Release|Any CPU.Build.0 = Release|Any CPU
		{BB4BA7E0-342D-4076-9B45-302FE7C0EC87}.Debug|Any CPU.ActiveCfg = Debug|Any CPU
		{BB4BA7E0-342D-4076-9B45-302FE7C0EC87}.Debug|Any CPU.Build.0 = Debug|Any CPU
		{BB4BA7E0-342D-4076-9B45-302FE7C0EC87}.Release|Any CPU.ActiveCfg = Release|Any CPU
		{BB4BA7E0-342D-4076-9B45-302FE7C0EC87}.Release|Any CPU.Build.0 = Release|Any CPU
		{4F25C4FD-F739-4AAC-847E-C47FDD89A0B6}.Debug|Any CPU.ActiveCfg = Debug|Any CPU
		{4F25C4FD-F739-4AAC-847E-C47FDD89A0B6}.Debug|Any CPU.Build.0 = Debug|Any CPU
		{4F25C4FD-F739-4AAC-847E-C47FDD89A0B6}.Release|Any CPU.ActiveCfg = Release|Any CPU
		{4F25C4FD-F739-4AAC-847E-C47FDD89A0B6}.Release|Any CPU.Build.0 = Release|Any CPU
	EndGlobalSection
	GlobalSection(SolutionProperties) = preSolution
		HideSolutionNode = FALSE
	EndGlobalSection
	GlobalSection(NestedProjects) = preSolution
		{BB4BA7E0-342D-4076-9B45-302FE7C0EC87} = {6872650F-95C3-4AFE-9350-C17279DE2D95}
	EndGlobalSection
	GlobalSection(ExtensibilityGlobals) = postSolution
		SolutionGuid = {16D8FF9E-F0BD-437A-B4C3-3C383B7B48C1}
	EndGlobalSection
EndGlobal
